
Microsoft Visual Studio Solution File, Format Version 12.00
# Visual Studio Version 17
VisualStudioVersion = 17.14.36408.4 d17.14
MinimumVisualStudioVersion = 10.0.40219.1
Project("{FAE04EC0-301F-11D3-BF4B-00C04F79EFBC}") = "BancoSrbApi", "BancoSrbApi.csproj", "{F926ED35-3060-4952-A112-182BB2018EFC}"
EndProject
Global
	GlobalSection(SolutionConfigurationPlatforms) = preSolution
		Debug|Any CPU = Debug|Any CPU
		Release|Any CPU = Release|Any CPU
	EndGlobalSection
	GlobalSection(ProjectConfigurationPlatforms) = postSolution
		{F926ED35-3060-4952-A112-182BB2018EFC}.Debug|Any CPU.ActiveCfg = Debug|Any CPU
		{F926ED35-3060-4952-A112-182BB2018EFC}.Debug|Any CPU.Build.0 = Debug|Any CPU
		{F926ED35-3060-4952-A112-182BB2018EFC}.Release|Any CPU.ActiveCfg = Release|Any CPU
		{F926ED35-3060-4952-A112-182BB2018EFC}.Release|Any CPU.Build.0 = Release|Any CPU
	EndGlobalSection
	GlobalSection(SolutionProperties) = preSolution
		HideSolutionNode = FALSE
	EndGlobalSection
	GlobalSection(ExtensibilityGlobals) = postSolution
		SolutionGuid = {0E68743C-7552-4D85-9317-C97BD59FD014}
	EndGlobalSection
EndGlobal
